Microsoft Visual Studio Solution File, Format Version 11.00
# Visual Studio 2017
Project("{2150E333-8FDC-42A3-9474-1A3956D46DE8}") = "libs", "libs", "{8FF2E757-5989-4246-81AF-EBEC05D7DB0E}"
EndProject
Project("{2150E333-8FDC-42A3-9474-1A3956D46DE8}") = "zlib-1.2.11", "zlib-1.2.11", "{77B8931F-6CEB-4E24-8298-1E6D4CF9D038}"
EndProject
Project("{8BC9CEB8-8B4A-11D0-8D11-00A0C91BC942}") = "Windows resource for file 'libs__zlib-1.2.11__win32_zlib1.rc'@cus", "libs\zlib-1.2.11\Windows resource for file 'libs__zlib-1.2.11__win32_zlib1.rc'@cus.vcxproj", "{D5A75362-0E45-461C-984A-45045BFCFDD3}"
	ProjectSection(ProjectDependencies) = postProject
		{D11EB3B8-5662-46E6-A2AE-3170C03D702C} = {D11EB3B8-5662-46E6-A2AE-3170C03D702C}
	EndProjectSection
EndProject
Project("{8BC9CEB8-8B4A-11D0-8D11-00A0C91BC942}") = "libs@zlib-1.2.11@@z@sta", "libs\zlib-1.2.11\libs@zlib-1.2.11@@z@sta.vcxproj", "{96870EF2-8CB9-4DE0-BA46-2DCF3BF7D5FC}"
	ProjectSection(ProjectDependencies) = postProject
		{D11EB3B8-5662-46E6-A2AE-3170C03D702C} = {D11EB3B8-5662-46E6-A2AE-3170C03D702C}
		{D5A75362-0E45-461C-984A-45045BFCFDD3} = {D5A75362-0E45-461C-984A-45045BFCFDD3}
	EndProjectSection
EndProject
Project("{2150E333-8FDC-42A3-9474-1A3956D46DE8}") = "openssl", "openssl", "{68F57637-8495-4984-948E-5E984FC8BE9F}"
EndProject
Project("{8BC9CEB8-8B4A-11D0-8D11-00A0C91BC942}") = "libs@openssl@@crypto@sta", "libs\openssl\libs@openssl@@crypto@sta.vcxproj", "{4C740B99-4D2F-4B86-84CE-080741731573}"
	ProjectSection(ProjectDependencies) = postProject
		{D11EB3B8-5662-46E6-A2AE-3170C03D702C} = {D11EB3B8-5662-46E6-A2AE-3170C03D702C}
		{96870EF2-8CB9-4DE0-BA46-2DCF3BF7D5FC} = {96870EF2-8CB9-4DE0-BA46-2DCF3BF7D5FC}
	EndProjectSection
EndProject
Project("{2150E333-8FDC-42A3-9474-1A3956D46DE8}") = "cyrussasl", "cyrussasl", "{A26B303C-A320-4CCC-93DB-A03F5D21609F}"
EndProject
Project("{8BC9CEB8-8B4A-11D0-8D11-00A0C91BC942}") = "libs@cyrussasl@@sals2@sta", "libs\cyrussasl\libs@cyrussasl@@sals2@sta.vcxproj", "{926B74E9-6210-48C3-9B99-020E6B5E06BC}"
	ProjectSection(ProjectDependencies) = postProject
		{D11EB3B8-5662-46E6-A2AE-3170C03D702C} = {D11EB3B8-5662-46E6-A2AE-3170C03D702C}
		{4C740B99-4D2F-4B86-84CE-080741731573} = {4C740B99-4D2F-4B86-84CE-080741731573}
	EndProjectSection
EndProject
Project("{2150E333-8FDC-42A3-9474-1A3956D46DE8}") = "sqlite", "sqlite", "{2DB4F231-C774-49ED-94FB-8B1AD4DE64B9}"
EndProject
Project("{8BC9CEB8-8B4A-11D0-8D11-00A0C91BC942}") = "libs@sqlite@@sqlite@sta", "libs\sqlite\libs@sqlite@@sqlite@sta.vcxproj", "{BD0CD69A-4E3F-454F-8BE4-2CF0F8B54EA4}"
	ProjectSection(ProjectDependencies) = postProject
		{D11EB3B8-5662-46E6-A2AE-3170C03D702C} = {D11EB3B8-5662-46E6-A2AE-3170C03D702C}
	EndProjectSection
EndProject
Project("{2150E333-8FDC-42A3-9474-1A3956D46DE8}") = "libetpan", "libetpan", "{4E42F0AE-D457-4F15-A1CA-6649F769981F}"
EndProject
Project("{8BC9CEB8-8B4A-11D0-8D11-00A0C91BC942}") = "libs@libetpan@@etpan@sta", "libs\libetpan\libs@libetpan@@etpan@sta.vcxproj", "{B6A52DC3-6AF5-4640-A77B-DD82246701FC}"
	ProjectSection(ProjectDependencies) = postProject
		{D11EB3B8-5662-46E6-A2AE-3170C03D702C} = {D11EB3B8-5662-46E6-A2AE-3170C03D702C}
		{96870EF2-8CB9-4DE0-BA46-2DCF3BF7D5FC} = {96870EF2-8CB9-4DE0-BA46-2DCF3BF7D5FC}
		{4C740B99-4D2F-4B86-84CE-080741731573} = {4C740B99-4D2F-4B86-84CE-080741731573}
		{BD0CD69A-4E3F-454F-8BE4-2CF0F8B54EA4} = {BD0CD69A-4E3F-454F-8BE4-2CF0F8B54EA4}
		{926B74E9-6210-48C3-9B99-020E6B5E06BC} = {926B74E9-6210-48C3-9B99-020E6B5E06BC}
	EndProjectSection
EndProject
Project("{2150E333-8FDC-42A3-9474-1A3956D46DE8}") = "netpgp", "netpgp", "{82B62F08-2B90-49A0-B2D7-89D4CD684060}"
EndProject
Project("{8BC9CEB8-8B4A-11D0-8D11-00A0C91BC942}") = "libs@netpgp@@netpgp@sta", "libs\netpgp\libs@netpgp@@netpgp@sta.vcxproj", "{6582E242-9942-4C5F-8F9E-31E6AF7BA48C}"
	ProjectSection(ProjectDependencies) = postProject
		{D11EB3B8-5662-46E6-A2AE-3170C03D702C} = {D11EB3B8-5662-46E6-A2AE-3170C03D702C}
		{96870EF2-8CB9-4DE0-BA46-2DCF3BF7D5FC} = {96870EF2-8CB9-4DE0-BA46-2DCF3BF7D5FC}
		{4C740B99-4D2F-4B86-84CE-080741731573} = {4C740B99-4D2F-4B86-84CE-080741731573}
	EndProjectSection
EndProject
Project("{2150E333-8FDC-42A3-9474-1A3956D46DE8}") = "src", "src", "{8AC6391D-A3A6-428B-B481-7A0DA284D614}"
EndProject
Project("{8BC9CEB8-8B4A-11D0-8D11-00A0C91BC942}") = "src@@deltachat@sta", "src\src@@deltachat@sta.vcxproj", "{85537EEF-B84E-4BE5-8948-5F6100EAC838}"
	ProjectSection(ProjectDependencies) = postProject
		{D11EB3B8-5662-46E6-A2AE-3170C03D702C} = {D11EB3B8-5662-46E6-A2AE-3170C03D702C}
		{96870EF2-8CB9-4DE0-BA46-2DCF3BF7D5FC} = {96870EF2-8CB9-4DE0-BA46-2DCF3BF7D5FC}
		{4C740B99-4D2F-4B86-84CE-080741731573} = {4C740B99-4D2F-4B86-84CE-080741731573}
		{926B74E9-6210-48C3-9B99-020E6B5E06BC} = {926B74E9-6210-48C3-9B99-020E6B5E06BC}
		{BD0CD69A-4E3F-454F-8BE4-2CF0F8B54EA4} = {BD0CD69A-4E3F-454F-8BE4-2CF0F8B54EA4}
		{B6A52DC3-6AF5-4640-A77B-DD82246701FC} = {B6A52DC3-6AF5-4640-A77B-DD82246701FC}
		{6582E242-9942-4C5F-8F9E-31E6AF7BA48C} = {6582E242-9942-4C5F-8F9E-31E6AF7BA48C}
	EndProjectSection
EndProject
Project("{2150E333-8FDC-42A3-9474-1A3956D46DE8}") = "cmdline", "cmdline", "{ADB72633-1A20-4AEC-955C-F223D2FCA40D}"
EndProject
Project("{8BC9CEB8-8B4A-11D0-8D11-00A0C91BC942}") = "cmdline@@delta@exe", "cmdline\cmdline@@delta@exe.vcxproj", "{2F9E8CE6-59B0-441D-9EAD-0A86496D990C}"
	ProjectSection(ProjectDependencies) = postProject
		{D11EB3B8-5662-46E6-A2AE-3170C03D702C} = {D11EB3B8-5662-46E6-A2AE-3170C03D702C}
		{85537EEF-B84E-4BE5-8948-5F6100EAC838} = {85537EEF-B84E-4BE5-8948-5F6100EAC838}
		{96870EF2-8CB9-4DE0-BA46-2DCF3BF7D5FC} = {96870EF2-8CB9-4DE0-BA46-2DCF3BF7D5FC}
		{4C740B99-4D2F-4B86-84CE-080741731573} = {4C740B99-4D2F-4B86-84CE-080741731573}
		{926B74E9-6210-48C3-9B99-020E6B5E06BC} = {926B74E9-6210-48C3-9B99-020E6B5E06BC}
		{BD0CD69A-4E3F-454F-8BE4-2CF0F8B54EA4} = {BD0CD69A-4E3F-454F-8BE4-2CF0F8B54EA4}
		{B6A52DC3-6AF5-4640-A77B-DD82246701FC} = {B6A52DC3-6AF5-4640-A77B-DD82246701FC}
		{6582E242-9942-4C5F-8F9E-31E6AF7BA48C} = {6582E242-9942-4C5F-8F9E-31E6AF7BA48C}
	EndProjectSection
EndProject
Project("{8BC9CEB8-8B4A-11D0-8D11-00A0C91BC942}") = "RUN_TESTS", "RUN_TESTS.vcxproj", "{8A6340FE-8931-4BE8-A9A1-48B0F1AFD6C7}"
EndProject
Project("{8BC9CEB8-8B4A-11D0-8D11-00A0C91BC942}") = "REGEN", "REGEN.vcxproj", "{D11EB3B8-5662-46E6-A2AE-3170C03D702C}"
EndProject
Global
	GlobalSection(SolutionConfigurationPlatforms) = preSolution
		debug|Win32 = debug|Win32
	EndGlobalSection
	GlobalSection(ProjectConfigurationPlatforms) = postSolution
		{D11EB3B8-5662-46E6-A2AE-3170C03D702C}.debug|Win32.ActiveCfg = debug|Win32
		{D11EB3B8-5662-46E6-A2AE-3170C03D702C}.debug|Win32.Build.0 = debug|Win32
		{D5A75362-0E45-461C-984A-45045BFCFDD3}.debug|Win32.ActiveCfg = debug|Win32
		{D5A75362-0E45-461C-984A-45045BFCFDD3}.debug|Win32.Build.0 = debug|Win32
		{96870EF2-8CB9-4DE0-BA46-2DCF3BF7D5FC}.debug|Win32.ActiveCfg = debug|Win32
		{96870EF2-8CB9-4DE0-BA46-2DCF3BF7D5FC}.debug|Win32.Build.0 = debug|Win32
		{4C740B99-4D2F-4B86-84CE-080741731573}.debug|Win32.ActiveCfg = debug|Win32
		{4C740B99-4D2F-4B86-84CE-080741731573}.debug|Win32.Build.0 = debug|Win32
		{926B74E9-6210-48C3-9B99-020E6B5E06BC}.debug|Win32.ActiveCfg = debug|Win32
		{926B74E9-6210-48C3-9B99-020E6B5E06BC}.debug|Win32.Build.0 = debug|Win32
		{BD0CD69A-4E3F-454F-8BE4-2CF0F8B54EA4}.debug|Win32.ActiveCfg = debug|Win32
		{BD0CD69A-4E3F-454F-8BE4-2CF0F8B54EA4}.debug|Win32.Build.0 = debug|Win32
		{B6A52DC3-6AF5-4640-A77B-DD82246701FC}.debug|Win32.ActiveCfg = debug|Win32
		{B6A52DC3-6AF5-4640-A77B-DD82246701FC}.debug|Win32.Build.0 = debug|Win32
		{6582E242-9942-4C5F-8F9E-31E6AF7BA48C}.debug|Win32.ActiveCfg = debug|Win32
		{6582E242-9942-4C5F-8F9E-31E6AF7BA48C}.debug|Win32.Build.0 = debug|Win32
		{85537EEF-B84E-4BE5-8948-5F6100EAC838}.debug|Win32.ActiveCfg = debug|Win32
		{85537EEF-B84E-4BE5-8948-5F6100EAC838}.debug|Win32.Build.0 = debug|Win32
		{2F9E8CE6-59B0-441D-9EAD-0A86496D990C}.debug|Win32.ActiveCfg = debug|Win32
		{2F9E8CE6-59B0-441D-9EAD-0A86496D990C}.debug|Win32.Build.0 = debug|Win32
		{8A6340FE-8931-4BE8-A9A1-48B0F1AFD6C7}.debug|Win32.ActiveCfg = debug|Win32
	EndGlobalSection
	GlobalSection(SolutionProperties) = preSolution
		HideSolutionNode = FALSE
	EndGlobalSection
	GlobalSection(NestedProjects) = preSolution
		{D5A75362-0E45-461C-984A-45045BFCFDD3} = {77B8931F-6CEB-4E24-8298-1E6D4CF9D038}
		{96870EF2-8CB9-4DE0-BA46-2DCF3BF7D5FC} = {77B8931F-6CEB-4E24-8298-1E6D4CF9D038}
		{4C740B99-4D2F-4B86-84CE-080741731573} = {68F57637-8495-4984-948E-5E984FC8BE9F}
		{926B74E9-6210-48C3-9B99-020E6B5E06BC} = {A26B303C-A320-4CCC-93DB-A03F5D21609F}
		{BD0CD69A-4E3F-454F-8BE4-2CF0F8B54EA4} = {2DB4F231-C774-49ED-94FB-8B1AD4DE64B9}
		{B6A52DC3-6AF5-4640-A77B-DD82246701FC} = {4E42F0AE-D457-4F15-A1CA-6649F769981F}
		{6582E242-9942-4C5F-8F9E-31E6AF7BA48C} = {82B62F08-2B90-49A0-B2D7-89D4CD684060}
		{85537EEF-B84E-4BE5-8948-5F6100EAC838} = {8AC6391D-A3A6-428B-B481-7A0DA284D614}
		{2F9E8CE6-59B0-441D-9EAD-0A86496D990C} = {ADB72633-1A20-4AEC-955C-F223D2FCA40D}
		{77B8931F-6CEB-4E24-8298-1E6D4CF9D038} = {8FF2E757-5989-4246-81AF-EBEC05D7DB0E}
		{68F57637-8495-4984-948E-5E984FC8BE9F} = {8FF2E757-5989-4246-81AF-EBEC05D7DB0E}
		{A26B303C-A320-4CCC-93DB-A03F5D21609F} = {8FF2E757-5989-4246-81AF-EBEC05D7DB0E}
		{2DB4F231-C774-49ED-94FB-8B1AD4DE64B9} = {8FF2E757-5989-4246-81AF-EBEC05D7DB0E}
		{4E42F0AE-D457-4F15-A1CA-6649F769981F} = {8FF2E757-5989-4246-81AF-EBEC05D7DB0E}
		{82B62F08-2B90-49A0-B2D7-89D4CD684060} = {8FF2E757-5989-4246-81AF-EBEC05D7DB0E}
	EndGlobalSection
EndGlobal
